
Microsoft Visual Studio Solution File, Format Version 12.00
# Visual Studio 15
VisualStudioVersion = 15.0.28307.572
MinimumVisualStudioVersion = 10.0.40219.1
Project("{FAE04EC0-301F-11D3-BF4B-00C04F79EFBC}") = "SmartMaintenanceApp.Android", "SmartMaintenanceApp\SmartMaintenanceApp.Android\SmartMaintenanceApp.Android.csproj", "{24CE3C36-16B9-426D-AA0C-5961ECF8D88C}"
EndProject
Project("{FAE04EC0-301F-11D3-BF4B-00C04F79EFBC}") = "SmartMaintenanceApp", "SmartMaintenanceApp\SmartMaintenanceApp\SmartMaintenanceApp.csproj", "{EF9E154A-3E70-4CD0-9D6D-480782562932}"
EndProject
Global
	GlobalSection(SolutionConfigurationPlatforms) = preSolution
		Debug|Any CPU = Debug|Any CPU
		Release|Any CPU = Release|Any CPU
	EndGlobalSection
	GlobalSection(ProjectConfigurationPlatforms) = postSolution
		{24CE3C36-16B9-426D-AA0C-5961ECF8D88C}.Debug|Any CPU.ActiveCfg = Debug|Any CPU
		{24CE3C36-16B9-426D-AA0C-5961ECF8D88C}.Debug|Any CPU.Build.0 = Debug|Any CPU
		{24CE3C36-16B9-426D-AA0C-5961ECF8D88C}.Debug|Any CPU.Deploy.0 = Debug|Any CPU
		{24CE3C36-16B9-426D-AA0C-5961ECF8D88C}.Release|Any CPU.ActiveCfg = Release|Any CPU
		{24CE3C36-16B9-426D-AA0C-5961ECF8D88C}.Release|Any CPU.Build.0 = Release|Any CPU
		{24CE3C36-16B9-426D-AA0C-5961ECF8D88C}.Release|Any CPU.Deploy.0 = Release|Any CPU
		{EF9E154A-3E70-4CD0-9D6D-480782562932}.Debug|Any CPU.ActiveCfg = Debug|Any CPU
		{EF9E154A-3E70-4CD0-9D6D-480782562932}.Debug|Any CPU.Build.0 = Debug|Any CPU
		{EF9E154A-3E70-4CD0-9D6D-480782562932}.Debug|Any CPU.Deploy.0 = Debug|Any CPU
		{EF9E154A-3E70-4CD0-9D6D-480782562932}.Release|Any CPU.ActiveCfg = Release|Any CPU
		{EF9E154A-3E70-4CD0-9D6D-480782562932}.Release|Any CPU.Build.0 = Release|Any CPU
		{EF9E154A-3E70-4CD0-9D6D-480782562932}.Release|Any CPU.Deploy.0 = Release|Any CPU
	EndGlobalSection
	GlobalSection(SolutionProperties) = preSolution
		HideSolutionNode = FALSE
	EndGlobalSection
	GlobalSection(ExtensibilityGlobals) = postSolution
		SolutionGuid = {818CE27D-8462-409E-B7AA-0C50E2F46FDE}
	EndGlobalSection
EndGlobal
